PODS:
  - Didomi-XCFramework (1.98.0)
  - didomi_sdk (1.19.0):
    - Didomi-XCFramework (= 1.98.0)
    - Flutter
  - Flutter (1.0.0)
  - integration_test (0.0.1):
    - Flutter

DEPENDENCIES:
  - didomi_sdk (from `.symlinks/plugins/didomi_sdk/ios`)
  - Flutter (from `Flutter`)
  - integration_test (from `.symlinks/plugins/integration_test/ios`)

SPEC REPOS:
  trunk:
    - Didomi-XCFramework

EXTERNAL SOURCES:
  didomi_sdk:
    :path: ".symlinks/plugins/didomi_sdk/ios"
  Flutter:
    :path: Flutter
  integration_test:
    :path: ".symlinks/plugins/integration_test/ios"

SPEC CHECKSUMS:
  Didomi-XCFramework: 606ad8a5116bac4e538fb681370130c9089021ed
  didomi_sdk: 32f37e5f92c60c03b97128c09411c7ac6a9d6df3
  Flutter: f04841e97a9d0b0a8025694d0796dd46242b2854
  integration_test: a1e7d09bd98eca2fc37aefd79d4f41ad37bdbbe5

PODFILE CHECKSUM: eb82984a624d653d2e3bbebcdf3d34861d5eb905

COCOAPODS: 1.14.3
