PODS:
  - Didomi-XCFramework (2.36.1)
  - didomi_sdk (2.20.0):
    - Didomi-XCFramework (= 2.36.1)
    - Flutter
  - Flutter (1.0.0)
  - integration_test (0.0.1):
    - Flutter

DEPENDENCIES:
  - didomi_sdk (from `.symlinks/plugins/didomi_sdk/ios`)
  - Flutter (from `Flutter`)
  - integration_test (from `.symlinks/plugins/integration_test/ios`)

SPEC REPOS:
  trunk:
    - Didomi-XCFramework

EXTERNAL SOURCES:
  didomi_sdk:
    :path: ".symlinks/plugins/didomi_sdk/ios"
  Flutter:
    :path: Flutter
  integration_test:
    :path: ".symlinks/plugins/integration_test/ios"

SPEC CHECKSUMS:
  Didomi-XCFramework: b5fb780bdad549858a3c82d6ea3b0d7d4577248e
  didomi_sdk: db8065374f89a9d25c80f82f8fb8927f7cb09fcd
  Flutter: cabc95a1d2626b1b06e7179b784ebcf0c0cde467
  integration_test: 252f60fa39af5e17c3aa9899d35d908a0721b573

PODFILE CHECKSUM: e2772aabdb96c4d254f2b01df983810e9a468979

COCOAPODS: 1.16.2
